
Microsoft Visual Studio Solution File, Format Version 12.00
# Visual Studio Version 16
VisualStudioVersion = 16.0.29911.84
MinimumVisualStudioVersion = 10.0.40219.1
Project("{FAE04EC0-301F-11D3-BF4B-00C04F79EFBC}") = "Pilkarze_MVVM", "Pilkarze_MVVM\Pilkarze_MVVM.csproj", "{0A2F99F6-26F8-4F56-BD40-D60D9A174F74}"
EndProject
Global
	GlobalSection(SolutionConfigurationPlatforms) = preSolution
		Debug|Any CPU = Debug|Any CPU
		Release|Any CPU = Release|Any CPU
	EndGlobalSection
	GlobalSection(ProjectConfigurationPlatforms) = postSolution
		{0A2F99F6-26F8-4F56-BD40-D60D9A174F74}.Debug|Any CPU.ActiveCfg = Debug|Any CPU
		{0A2F99F6-26F8-4F56-BD40-D60D9A174F74}.Debug|Any CPU.Build.0 = Debug|Any CPU
		{0A2F99F6-26F8-4F56-BD40-D60D9A174F74}.Release|Any CPU.ActiveCfg = Release|Any CPU
		{0A2F99F6-26F8-4F56-BD40-D60D9A174F74}.Release|Any CPU.Build.0 = Release|Any CPU
	EndGlobalSection
	GlobalSection(SolutionProperties) = preSolution
		HideSolutionNode = FALSE
	EndGlobalSection
	GlobalSection(ExtensibilityGlobals) = postSolution
		SolutionGuid = {A10870BD-1B07-4D5F-93CF-628553F1BDFF}
	EndGlobalSection
EndGlobal
